{
  "name": "demo-app",
  "version": "1.0.0",
  "packages": {
    "node_modules/lodash": {
      "name": "lodash",
      "version": "4.17.21",
      "license": "MIT"
    },
    "node_modules/react": {
      "name": "react",
      "version": "18.2.0",
      "license": "MIT"
    },
    "node_modules/loose-envify": {
      "name": "loose-envify",
      "version": "1.4.0",
      "license": "MIT"
    },
    "node_modules/jest": {
      "name": "jest",
      "version": "29.7.0",
      "dev": true,
      "license": "MIT"
    },
    "node_modules/eslint": {
      "name": "eslint",
      "version": "8.57.0",
      "dev": true,
      "license": "MIT"
    },
    "node_modules/some-gpl-lib": {
      "name": "some-gpl-lib",
      "version": "1.0.0",
      "license": "GPL-3.0"
    },
    "node_modules/unknown-license": {
      "name": "unknown-license",
      "version": "0.1.0"
    },
    "node_modules/dual-pkg": {
      "name": "dual-pkg",
      "version": "2.0.0",
      "license": "MIT OR Apache-2.0"
    },
    "node_modules/dual-risk": {
      "name": "dual-risk",
      "version": "1.0.0",
      "license": "GPL-3.0 OR MIT"
    },
    "node_modules/weird-pkg": {
      "name": "weird-pkg",
      "version": "0.0.1",
      "license": "MySecretLicense"
    }
  }
}